// !$*UTF8*$!
{
	archiveVersion = 1;
	classes = {
	};
	objectVersion = 48;
	objects = {

/* Begin PBXBuildFile section */
		49AB25D1672CBF01124FBB9E /* Pods_sampleproUITests.framework in Frameworks */ = {isa = PBXBuildFile; fileRef = 90ACE0A6076E1B3A38C5F3F0 /* Pods_sampleproUITests.framework */; };
		631CE7F62136779500A5F12E /* Pods_samplepro.framework in Frameworks */ = {isa = PBXBuildFile; fileRef = 631CE7F72136779500A5F12E /* Pods_samplepro.framework */; };
		632696D7213543EC0072C335 /* AppDelegate.swift in Sources */ = {isa = PBXBuildFile; fileRef = 632696D6213543EC0072C335 /* AppDelegate.swift */; };
		632696D9213543EC0072C335 /* ViewController.swift in Sources */ = {isa = PBXBuildFile; fileRef = 632696D8213543EC0072C335 /* ViewController.swift */; };
		632696DC213543EC0072C335 /* Main.storyboard in Resources */ = {isa = PBXBuildFile; fileRef = 632696DA213543EC0072C335 /* Main.storyboard */; };
		632696DE213543EC0072C335 /* Assets.xcassets in Resources */ = {isa = PBXBuildFile; fileRef = 632696DD213543EC0072C335 /* Assets.xcassets */; };
		632696E1213543EC0072C335 /* LaunchScreen.storyboard in Resources */ = {isa = PBXBuildFile; fileRef = 632696DF213543EC0072C335 /* LaunchScreen.storyboard */; };
		632696EC213543EC0072C335 /* sampleproTests.swift in Sources */ = {isa = PBXBuildFile; fileRef = 632696EB213543EC0072C335 /* sampleproTests.swift */; };
		632696F7213543EC0072C335 /* sampleproUITests.swift in Sources */ = {isa = PBXBuildFile; fileRef = 632696F6213543EC0072C335 /* sampleproUITests.swift */; };
		6361D6BC213E937D00370CA0 /* GoogleSignInDependencies.framework in Frameworks */ = {isa = PBXBuildFile; fileRef = 6361D6B9213E937D00370CA0 /* GoogleSignInDependencies.framework */; };
		6361D6BD213E937D00370CA0 /* GoogleSignIn.bundle in Resources */ = {isa = PBXBuildFile; fileRef = 6361D6BA213E937D00370CA0 /* GoogleSignIn.bundle */; };
		6361D6BE213E937D00370CA0 /* GoogleSignIn.framework in Frameworks */ = {isa = PBXBuildFile; fileRef = 6361D6BB213E937D00370CA0 /* GoogleSignIn.framework */; };
		6361D6C0213E972300370CA0 /* credentials.plist in Resources */ = {isa = PBXBuildFile; fileRef = 6361D6BF213E972300370CA0 /* credentials.plist */; };
		6361D6C4213E9DE100370CA0 /* FloatingViewController.swift in Sources */ = {isa = PBXBuildFile; fileRef = 6361D6C3213E9DE100370CA0 /* FloatingViewController.swift */; };
		6361D6D9213E9FB000370CA0 /* TWTButton.swift in Sources */ = {isa = PBXBuildFile; fileRef = 6361D6D4213E9FAF00370CA0 /* TWTButton.swift */; };
		6361D6DA213E9FB000370CA0 /* AvatarImageView.swift in Sources */ = {isa = PBXBuildFile; fileRef = 6361D6D7213E9FAF00370CA0 /* AvatarImageView.swift */; };
		6361D6DB213E9FB000370CA0 /* FXBlurView.m in Sources */ = {isa = PBXBuildFile; fileRef = 6361D6D8213E9FB000370CA0 /* FXBlurView.m */; };
		E1D8360E25306B2313C31AE7 /* Pods_sampleproTests.framework in Frameworks */ = {isa = PBXBuildFile; fileRef = E78CAAF8BD30CA56BB1D4095 /* Pods_sampleproTests.framework */; };
/* End PBXBuildFile section */

/* Begin PBXContainerItemProxy section */
		632696E8213543EC0072C335 /* PBXContainerItemProxy */ = {
			isa = PBXContainerItemProxy;
			containerPortal = 632696CB213543EC0072C335 /* Project object */;
			proxyType = 1;
			remoteGlobalIDString = 632696D2213543EC0072C335;
			remoteInfo = samplepro;
		};
		632696F3213543EC0072C335 /* PBXContainerItemProxy */ = {
			isa = PBXContainerItemProxy;
			containerPortal = 632696CB213543EC0072C335 /* Project object */;
			proxyType = 1;
			remoteGlobalIDString = 632696D2213543EC0072C335;
			remoteInfo = samplepro;
		};
/* End PBXContainerItemProxy section */

/* Begin PBXFileReference section */
		2457C07CA5685AEBE2E1DCD0 /* Pods-sampleproUITests.release.xcconfig */ = {isa = PBXFileReference; includeInIndex = 1; lastKnownFileType = text.xcconfig; name = "Pods-sampleproUITests.release.xcconfig"; path = "Pods/Target Support Files/Pods-sampleproUITests/Pods-sampleproUITests.release.xcconfig"; sourceTree = "<group>"; };
		47566AA3827E9D13C54F3B29 /* Pods-samplepro.debug.xcconfig */ = {isa = PBXFileReference; includeInIndex = 1; lastKnownFileType = text.xcconfig; name = "Pods-samplepro.debug.xcconfig"; path = "Pods/Target Support Files/Pods-samplepro/Pods-samplepro.debug.xcconfig"; sourceTree = "<group>"; };
		63130E1B2136626200A9186D /* FacebookLogin.framework */ = {isa = PBXFileReference; explicitFileType = wrapper.framework; path = FacebookLogin.framework; sourceTree = BUILT_PRODUCTS_DIR; };
		63130E1D2136629800A9186D /* FBSDKLoginKit.framework */ = {isa = PBXFileReference; explicitFileType = wrapper.framework; path = FBSDKLoginKit.framework; sourceTree = BUILT_PRODUCTS_DIR; };
		631CE7F72136779500A5F12E /* Pods_samplepro.framework */ = {isa = PBXFileReference; explicitFileType = wrapper.framework; path = Pods_samplepro.framework; sourceTree = BUILT_PRODUCTS_DIR; };
		632696D3213543EC0072C335 /* samplepro.app */ = {isa = PBXFileReference; explicitFileType = wrapper.application; includeInIndex = 0; path = samplepro.app; sourceTree = BUILT_PRODUCTS_DIR; };
		632696D6213543EC0072C335 /* AppDelegate.swift */ = {isa = PBXFileReference; lastKnownFileType = sourcecode.swift; path = AppDelegate.swift; sourceTree = "<group>"; };
		632696D8213543EC0072C335 /* ViewController.swift */ = {isa = PBXFileReference; lastKnownFileType = sourcecode.swift; path = ViewController.swift; sourceTree = "<group>"; };
		632696DB213543EC0072C335 /* Base */ = {isa = PBXFileReference; lastKnownFileType = file.storyboard; name = Base; path = Base.lproj/Main.storyboard; sourceTree = "<group>"; };
		632696DD213543EC0072C335 /* Assets.xcassets */ = {isa = PBXFileReference; lastKnownFileType = folder.assetcatalog; path = Assets.xcassets; sourceTree = "<group>"; };
		632696E0213543EC0072C335 /* Base */ = {isa = PBXFileReference; lastKnownFileType = file.storyboard; name = Base; path = Base.lproj/LaunchScreen.storyboard; sourceTree = "<group>"; };
		632696E2213543EC0072C335 /* Info.plist */ = {isa = PBXFileReference; lastKnownFileType = text.plist.xml; path = Info.plist; sourceTree = "<group>"; };
		632696E7213543EC0072C335 /* sampleproTests.xctest */ = {isa = PBXFileReference; explicitFileType = wrapper.cfbundle; includeInIndex = 0; path = sampleproTests.xctest; sourceTree = BUILT_PRODUCTS_DIR; };
		632696EB213543EC0072C335 /* sampleproTests.swift */ = {isa = PBXFileReference; lastKnownFileType = sourcecode.swift; path = sampleproTests.swift; sourceTree = "<group>"; };
		632696ED213543EC0072C335 /* Info.plist */ = {isa = PBXFileReference; lastKnownFileType = text.plist.xml; path = Info.plist; sourceTree = "<group>"; };
		632696F2213543EC0072C335 /* sampleproUITests.xctest */ = {isa = PBXFileReference; explicitFileType = wrapper.cfbundle; includeInIndex = 0; path = sampleproUITests.xctest; sourceTree = BUILT_PRODUCTS_DIR; };
		632696F6213543EC0072C335 /* sampleproUITests.swift */ = {isa = PBXFileReference; lastKnownFileType = sourcecode.swift; path = sampleproUITests.swift; sourceTree = "<group>"; };
		632696F8213543EC0072C335 /* Info.plist */ = {isa = PBXFileReference; lastKnownFileType = text.plist.xml; path = Info.plist; sourceTree = "<group>"; };
		6326970B213575180072C335 /* SafariServices.framework */ = {isa = PBXFileReference; lastKnownFileType = wrapper.framework; name = SafariServices.framework; path = System/Library/Frameworks/SafariServices.framework; sourceTree = SDKROOT; };
		6326970C213575210072C335 /* SystemConfiguration.framework */ = {isa = PBXFileReference; lastKnownFileType = wrapper.framework; name = SystemConfiguration.framework; path = System/Library/Frameworks/SystemConfiguration.framework; sourceTree = SDKROOT; };
		6326970F213576A60072C335 /* samplepro-Bridging-Header.h */ = {isa = PBXFileReference; lastKnownFileType = sourcecode.c.h; path = "samplepro-Bridging-Header.h"; sourceTree = "<group>"; };
		6361D6B9213E937D00370CA0 /* GoogleSignInDependencies.framework */ = {isa = PBXFileReference; lastKnownFileType = wrapper.framework; name = GoogleSignInDependencies.framework; path = ../../google_signin_sdk_4_2_0/GoogleSignInDependencies.framework; sourceTree = "<group>"; };
		6361D6BA213E937D00370CA0 /* GoogleSignIn.bundle */ = {isa = PBXFileReference; lastKnownFileType = "wrapper.plug-in"; name = GoogleSignIn.bundle; path = ../../google_signin_sdk_4_2_0/GoogleSignIn.bundle; sourceTree = "<group>"; };
		6361D6BB213E937D00370CA0 /* GoogleSignIn.framework */ = {isa = PBXFileReference; lastKnownFileType = wrapper.framework; name = GoogleSignIn.framework; path = ../../google_signin_sdk_4_2_0/GoogleSignIn.framework; sourceTree = "<group>"; };
		6361D6BF213E972300370CA0 /* credentials.plist */ = {isa = PBXFileReference; fileEncoding = 4; lastKnownFileType = text.plist.xml; name = credentials.plist; path = ../../credentials.plist; sourceTree = "<group>"; };
		6361D6C3213E9DE100370CA0 /* FloatingViewController.swift */ = {isa = PBXFileReference; lastKnownFileType = sourcecode.swift; path = FloatingViewController.swift; sourceTree = "<group>"; };
		6361D6D4213E9FAF00370CA0 /* TWTButton.swift */ = {isa = PBXFileReference; fileEncoding = 4; lastKnownFileType = sourcecode.swift; path = TWTButton.swift; sourceTree = "<group>"; };
		6361D6D6213E9FAF00370CA0 /* FXBlurView.h */ = {isa = PBXFileReference; fileEncoding = 4; lastKnownFileType = sourcecode.c.h; path = FXBlurView.h; sourceTree = "<group>"; };
		6361D6D7213E9FAF00370CA0 /* AvatarImageView.swift */ = {isa = PBXFileReference; fileEncoding = 4; lastKnownFileType = sourcecode.swift; path = AvatarImageView.swift; sourceTree = "<group>"; };
		6361D6D8213E9FB000370CA0 /* FXBlurView.m */ = {isa = PBXFileReference; fileEncoding = 4; lastKnownFileType = sourcecode.c.objc; path = FXBlurView.m; sourceTree = "<group>"; };
		7627C5A6CEB6C209E20DC9D8 /* Pods-sampleproUITests.debug.xcconfig */ = {isa = PBXFileReference; includeInIndex = 1; lastKnownFileType = text.xcconfig; name = "Pods-sampleproUITests.debug.xcconfig"; path = "Pods/Target Support Files/Pods-sampleproUITests/Pods-sampleproUITests.debug.xcconfig"; sourceTree = "<group>"; };
		90ACE0A6076E1B3A38C5F3F0 /* Pods_sampleproUITests.framework */ = {isa = PBXFileReference; explicitFileType = wrapper.framework; includeInIndex = 0; path = Pods_sampleproUITests.framework; sourceTree = BUILT_PRODUCTS_DIR; };
		A0DE62526824F42BC58BE3FE /* Pods-sampleproTests.release.xcconfig */ = {isa = PBXFileReference; includeInIndex = 1; lastKnownFileType = text.xcconfig; name = "Pods-sampleproTests.release.xcconfig"; path = "Pods/Target Support Files/Pods-sampleproTests/Pods-sampleproTests.release.xcconfig"; sourceTree = "<group>"; };
		B34F8161A1BFCBF99835914D /* Pods-sampleproTests.debug.xcconfig */ = {isa = PBXFileReference; includeInIndex = 1; lastKnownFileType = text.xcconfig; name = "Pods-sampleproTests.debug.xcconfig"; path = "Pods/Target Support Files/Pods-sampleproTests/Pods-sampleproTests.debug.xcconfig"; sourceTree = "<group>"; };
		BF583BA5F77BE18B1D190537 /* Pods-samplepro.release.xcconfig */ = {isa = PBXFileReference; includeInIndex = 1; lastKnownFileType = text.xcconfig; name = "Pods-samplepro.release.xcconfig"; path = "Pods/Target Support Files/Pods-samplepro/Pods-samplepro.release.xcconfig"; sourceTree = "<group>"; };
		E78CAAF8BD30CA56BB1D4095 /* Pods_sampleproTests.framework */ = {isa = PBXFileReference; explicitFileType = wrapper.framework; includeInIndex = 0; path = Pods_sampleproTests.framework; sourceTree = BUILT_PRODUCTS_DIR; };
		F6926F4C87CD19BFC5B204D0 /* Pods_samplepro.framework */ = {isa = PBXFileReference; explicitFileType = wrapper.framework; includeInIndex = 0; path = Pods_samplepro.framework; sourceTree = BUILT_PRODUCTS_DIR; };
/* End PBXFileReference section */

/* Begin PBXFrameworksBuildPhase section */
		632696D0213543EC0072C335 /* Frameworks */ = {
			isa = PBXFrameworksBuildPhase;
			buildActionMask = 2147483647;
			files = (
				6361D6BC213E937D00370CA0 /* GoogleSignInDependencies.framework in Frameworks */,
				6361D6BE213E937D00370CA0 /* GoogleSignIn.framework in Frameworks */,
				631CE7F62136779500A5F12E /* Pods_samplepro.framework in Frameworks */,
			);
			runOnlyForDeploymentPostprocessing = 0;
		};
		632696E4213543EC0072C335 /* Frameworks */ = {
			isa = PBXFrameworksBuildPhase;
			buildActionMask = 2147483647;
			files = (
				E1D8360E25306B2313C31AE7 /* Pods_sampleproTests.framework in Frameworks */,
			);
			runOnlyForDeploymentPostprocessing = 0;
		};
		632696EF213543EC0072C335 /* Frameworks */ = {
			isa = PBXFrameworksBuildPhase;
			buildActionMask = 2147483647;
			files = (
				49AB25D1672CBF01124FBB9E /* Pods_sampleproUITests.framework in Frameworks */,
			);
			runOnlyForDeploymentPostprocessing = 0;
		};
/* End PBXFrameworksBuildPhase section */

/* Begin PBXGroup section */
		632696CA213543EC0072C335 = {
			isa = PBXGroup;
			children = (
				632696D5213543EC0072C335 /* samplepro */,
				632696EA213543EC0072C335 /* sampleproTests */,
				632696F5213543EC0072C335 /* sampleproUITests */,
				632696D4213543EC0072C335 /* Products */,
				6326970A213575180072C335 /* Frameworks */,
				B6E036EFC6EFE761876515A2 /* Pods */,
			);
			sourceTree = "<group>";
		};
		632696D4213543EC0072C335 /* Products */ = {
			isa = PBXGroup;
			children = (
				632696D3213543EC0072C335 /* samplepro.app */,
				632696E7213543EC0072C335 /* sampleproTests.xctest */,
				632696F2213543EC0072C335 /* sampleproUITests.xctest */,
			);
			name = Products;
			sourceTree = "<group>";
		};
		632696D5213543EC0072C335 /* samplepro */ = {
			isa = PBXGroup;
			children = (
				63FBCE5A213FD40800EAEA38 /* New Group */,
				6361D6DC213E9FC200370CA0 /* Helpers */,
				6361D6BF213E972300370CA0 /* credentials.plist */,
				6361D6BA213E937D00370CA0 /* GoogleSignIn.bundle */,
				6361D6BB213E937D00370CA0 /* GoogleSignIn.framework */,
				6361D6B9213E937D00370CA0 /* GoogleSignInDependencies.framework */,
				632696D6213543EC0072C335 /* AppDelegate.swift */,
				632696D8213543EC0072C335 /* ViewController.swift */,
				632696DA213543EC0072C335 /* Main.storyboard */,
				632696DD213543EC0072C335 /* Assets.xcassets */,
				632696DF213543EC0072C335 /* LaunchScreen.storyboard */,
				632696E2213543EC0072C335 /* Info.plist */,
				6326970F213576A60072C335 /* samplepro-Bridging-Header.h */,
				6361D6C3213E9DE100370CA0 /* FloatingViewController.swift */,
			);
			path = samplepro;
			sourceTree = "<group>";
		};
		632696EA213543EC0072C335 /* sampleproTests */ = {
			isa = PBXGroup;
			children = (
				632696EB213543EC0072C335 /* sampleproTests.swift */,
				632696ED213543EC0072C335 /* Info.plist */,
			);
			path = sampleproTests;
			sourceTree = "<group>";
		};
		632696F5213543EC0072C335 /* sampleproUITests */ = {
			isa = PBXGroup;
			children = (
				632696F6213543EC0072C335 /* sampleproUITests.swift */,
				632696F8213543EC0072C335 /* Info.plist */,
			);
			path = sampleproUITests;
			sourceTree = "<group>";
		};
		6326970A213575180072C335 /* Frameworks */ = {
			isa = PBXGroup;
			children = (
				631CE7F72136779500A5F12E /* Pods_samplepro.framework */,
				63130E1D2136629800A9186D /* FBSDKLoginKit.framework */,
				63130E1B2136626200A9186D /* FacebookLogin.framework */,
				6326970C213575210072C335 /* SystemConfiguration.framework */,
				6326970B213575180072C335 /* SafariServices.framework */,
				F6926F4C87CD19BFC5B204D0 /* Pods_samplepro.framework */,
				E78CAAF8BD30CA56BB1D4095 /* Pods_sampleproTests.framework */,
				90ACE0A6076E1B3A38C5F3F0 /* Pods_sampleproUITests.framework */,
			);
			name = Frameworks;
			sourceTree = "<group>";
		};
		6361D6DC213E9FC200370CA0 /* Helpers */ = {
			isa = PBXGroup;
			children = (
				6361D6D7213E9FAF00370CA0 /* AvatarImageView.swift */,
				6361D6D6213E9FAF00370CA0 /* FXBlurView.h */,
				6361D6D8213E9FB000370CA0 /* FXBlurView.m */,
				6361D6D4213E9FAF00370CA0 /* TWTButton.swift */,
			);
			path = Helpers;
			sourceTree = "<group>";
		};
		63FBCE5A213FD40800EAEA38 /* New Group */ = {
			isa = PBXGroup;
			children = (
			);
			path = "New Group";
			sourceTree = "<group>";
		};
		B6E036EFC6EFE761876515A2 /* Pods */ = {
			isa = PBXGroup;
			children = (
				47566AA3827E9D13C54F3B29 /* Pods-samplepro.debug.xcconfig */,
				BF583BA5F77BE18B1D190537 /* Pods-samplepro.release.xcconfig */,
				B34F8161A1BFCBF99835914D /* Pods-sampleproTests.debug.xcconfig */,
				A0DE62526824F42BC58BE3FE /* Pods-sampleproTests.release.xcconfig */,
				7627C5A6CEB6C209E20DC9D8 /* Pods-sampleproUITests.debug.xcconfig */,
				2457C07CA5685AEBE2E1DCD0 /* Pods-sampleproUITests.release.xcconfig */,
			);
			name = Pods;
			sourceTree = "<group>";
		};
/* End PBXGroup section */

/* Begin PBXNativeTarget section */
		632696D2213543EC0072C335 /* samplepro */ = {
			isa = PBXNativeTarget;
			buildConfigurationList = 632696FB213543EC0072C335 /* Build configuration list for PBXNativeTarget "samplepro" */;
			buildPhases = (
				8991939A346133C013B492A7 /* [CP] Check Pods Manifest.lock */,
				632696CF213543EC0072C335 /* Sources */,
				632696D0213543EC0072C335 /* Frameworks */,
				632696D1213543EC0072C335 /* Resources */,
				549A914180EE2966A98ED1B5 /* [CP] Embed Pods Frameworks */,
			);
			buildRules = (
			);
			dependencies = (
			);
			name = samplepro;
			productName = samplepro;
			productReference = 632696D3213543EC0072C335 /* samplepro.app */;
			productType = "com.apple.product-type.application";
		};
		632696E6213543EC0072C335 /* sampleproTests */ = {
			isa = PBXNativeTarget;
			buildConfigurationList = 632696FE213543EC0072C335 /* Build configuration list for PBXNativeTarget "sampleproTests" */;
			buildPhases = (
				3F43DA689D46ACDEB46D3C2E /* [CP] Check Pods Manifest.lock */,
				632696E3213543EC0072C335 /* Sources */,
				632696E4213543EC0072C335 /* Frameworks */,
				632696E5213543EC0072C335 /* Resources */,
			);
			buildRules = (
			);
			dependencies = (
				632696E9213543EC0072C335 /* PBXTargetDependency */,
			);
			name = sampleproTests;
			productName = sampleproTests;
			productReference = 632696E7213543EC0072C335 /* sampleproTests.xctest */;
			productType = "com.apple.product-type.bundle.unit-test";
		};
		632696F1213543EC0072C335 /* sampleproUITests */ = {
			isa = PBXNativeTarget;
			buildConfigurationList = 63269701213543EC0072C335 /* Build configuration list for PBXNativeTarget "sampleproUITests" */;
			buildPhases = (
				D6744EDAC32C4EF350F73A0B /* [CP] Check Pods Manifest.lock */,
				632696EE213543EC0072C335 /* Sources */,
				632696EF213543EC0072C335 /* Frameworks */,
				632696F0213543EC0072C335 /* Resources */,
			);
			buildRules = (
			);
			dependencies = (
				632696F4213543EC0072C335 /* PBXTargetDependency */,
			);
			name = sampleproUITests;
			productName = sampleproUITests;
			productReference = 632696F2213543EC0072C335 /* sampleproUITests.xctest */;
			productType = "com.apple.product-type.bundle.ui-testing";
		};
/* End PBXNativeTarget section */

/* Begin PBXProject section */
		632696CB213543EC0072C335 /* Project object */ = {
			isa = PBXProject;
			attributes = {
				LastSwiftUpdateCheck = 0910;
				LastUpgradeCheck = 0910;
				ORGANIZATIONNAME = aneena;
				TargetAttributes = {
					632696D2213543EC0072C335 = {
						CreatedOnToolsVersion = 9.1;
						LastSwiftMigration = 0910;
						ProvisioningStyle = Automatic;
					};
					632696E6213543EC0072C335 = {
						CreatedOnToolsVersion = 9.1;
						ProvisioningStyle = Automatic;
						TestTargetID = 632696D2213543EC0072C335;
					};
					632696F1213543EC0072C335 = {
						CreatedOnToolsVersion = 9.1;
						ProvisioningStyle = Automatic;
						TestTargetID = 632696D2213543EC0072C335;
					};
				};
			};
			buildConfigurationList = 632696CE213543EC0072C335 /* Build configuration list for PBXProject "samplepro" */;
			compatibilityVersion = "Xcode 8.0";
			developmentRegion = en;
			hasScannedForEncodings = 0;
			knownRegions = (
				en,
				Base,
			);
			mainGroup = 632696CA213543EC0072C335;
			productRefGroup = 632696D4213543EC0072C335 /* Products */;
			projectDirPath = "";
			projectRoot = "";
			targets = (
				632696D2213543EC0072C335 /* samplepro */,
				632696E6213543EC0072C335 /* sampleproTests */,
				632696F1213543EC0072C335 /* sampleproUITests */,
			);
		};
/* End PBXProject section */

/* Begin PBXResourcesBuildPhase section */
		632696D1213543EC0072C335 /* Resources */ = {
			isa = PBXResourcesBuildPhase;
			buildActionMask = 2147483647;
			files = (
				6361D6C0213E972300370CA0 /* credentials.plist in Resources */,
				6361D6BD213E937D00370CA0 /* GoogleSignIn.bundle in Resources */,
				632696E1213543EC0072C335 /* LaunchScreen.storyboard in Resources */,
				632696DE213543EC0072C335 /* Assets.xcassets in Resources */,
				632696DC213543EC0072C335 /* Main.storyboard in Resources */,
			);
			runOnlyForDeploymentPostprocessing = 0;
		};
		632696E5213543EC0072C335 /* Resources */ = {
			isa = PBXResourcesBuildPhase;
			buildActionMask = 2147483647;
			files = (
			);
			runOnlyForDeploymentPostprocessing = 0;
		};
		632696F0213543EC0072C335 /* Resources */ = {
			isa = PBXResourcesBuildPhase;
			buildActionMask = 2147483647;
			files = (
			);
			runOnlyForDeploymentPostprocessing = 0;
		};
/* End PBXResourcesBuildPhase section */

/* Begin PBXShellScriptBuildPhase section */
		3F43DA689D46ACDEB46D3C2E /* [CP] Check Pods Manifest.lock */ = {
			isa = PBXShellScriptBuildPhase;
			buildActionMask = 2147483647;
			files = (
			);
			inputPaths = (
				"${PODS_PODFILE_DIR_PATH}/Podfile.lock",
				"${PODS_ROOT}/Manifest.lock",
			);
			name = "[CP] Check Pods Manifest.lock";
			outputPaths = (
				"$(DERIVED_FILE_DIR)/Pods-sampleproTests-checkManifestLockResult.txt",
			);
			runOnlyForDeploymentPostprocessing = 0;
			shellPath = /bin/sh;
			shellScript = "diff \"${PODS_PODFILE_DIR_PATH}/Podfile.lock\" \"${PODS_ROOT}/Manifest.lock\" > /dev/null\nif [ $? != 0 ] ; then\n    # print error to STDERR\n    echo \"error: The sandbox is not in sync with the Podfile.lock. Run 'pod install' or update your CocoaPods installation.\" >&2\n    exit 1\nfi\n# This output is used by Xcode 'outputs' to avoid re-running this script phase.\necho \"SUCCESS\" > \"${SCRIPT_OUTPUT_FILE_0}\"\n";
			showEnvVarsInLog = 0;
		};
		549A914180EE2966A98ED1B5 /* [CP] Embed Pods Frameworks */ = {
			isa = PBXShellScriptBuildPhase;
			buildActionMask = 12;
			files = (
			);
			inputPaths = (
				"${SRCROOT}/Pods/Target Support Files/Pods-samplepro/Pods-samplepro-frameworks.sh",
				"${BUILT_PRODUCTS_DIR}/Bolts/Bolts.framework",
				"${BUILT_PRODUCTS_DIR}/FBSDKCoreKit/FBSDKCoreKit.framework",
				"${BUILT_PRODUCTS_DIR}/FBSDKLoginKit/FBSDKLoginKit.framework",
				"${BUILT_PRODUCTS_DIR}/FBSDKShareKit/FBSDKShareKit.framework",
				"${BUILT_PRODUCTS_DIR}/FacebookCore/FacebookCore.framework",
				"${BUILT_PRODUCTS_DIR}/FacebookLogin/FacebookLogin.framework",
				"${BUILT_PRODUCTS_DIR}/FacebookShare/FacebookShare.framework",
			);
			name = "[CP] Embed Pods Frameworks";
			outputPaths = (
				"${TARGET_BUILD_DIR}/${FRAMEWORKS_FOLDER_PATH}/Bolts.framework",
				"${TARGET_BUILD_DIR}/${FRAMEWORKS_FOLDER_PATH}/FBSDKCoreKit.framework",
				"${TARGET_BUILD_DIR}/${FRAMEWORKS_FOLDER_PATH}/FBSDKLoginKit.framework",
				"${TARGET_BUILD_DIR}/${FRAMEWORKS_FOLDER_PATH}/FBSDKShareKit.framework",
				"${TARGET_BUILD_DIR}/${FRAMEWORKS_FOLDER_PATH}/FacebookCore.framework",
				"${TARGET_BUILD_DIR}/${FRAMEWORKS_FOLDER_PATH}/FacebookLogin.framework",
				"${TARGET_BUILD_DIR}/${FRAMEWORKS_FOLDER_PATH}/FacebookShare.framework",
			);
			runOnlyForDeploymentPostprocessing = 0;
			shellPath = /bin/sh;
			shellScript = "\"${SRCROOT}/Pods/Target Support Files/Pods-samplepro/Pods-samplepro-frameworks.sh\"\n";
			showEnvVarsInLog = 0;
		};
		8991939A346133C013B492A7 /* [CP] Check Pods Manifest.lock */ = {
			isa = PBXShellScriptBuildPhase;
			buildActionMask = 12;
			files = (
			);
			inputPaths = (
				"${PODS_PODFILE_DIR_PATH}/Podfile.lock",
				"${PODS_ROOT}/Manifest.lock",
			);
			name = "[CP] Check Pods Manifest.lock";
			outputPaths = (
				"$(DERIVED_FILE_DIR)/Pods-samplepro-checkManifestLockResult.txt",
			);
			runOnlyForDeploymentPostprocessing = 0;
			shellPath = /bin/sh;
			shellScript = "diff \"${PODS_PODFILE_DIR_PATH}/Podfile.lock\" \"${PODS_ROOT}/Manifest.lock\" > /dev/null\nif [ $? != 0 ] ; then\n    # print error to STDERR\n    echo \"error: The sandbox is not in sync with the Podfile.lock. Run 'pod install' or update your CocoaPods installation.\" >&2\n    exit 1\nfi\n# This output is used by Xcode 'outputs' to avoid re-running this script phase.\necho \"SUCCESS\" > \"${SCRIPT_OUTPUT_FILE_0}\"\n";
			showEnvVarsInLog = 0;
		};
		D6744EDAC32C4EF350F73A0B /* [CP] Check Pods Manifest.lock */ = {
			isa = PBXShellScriptBuildPhase;
			buildActionMask = 2147483647;
			files = (
			);
			inputPaths = (
				"${PODS_PODFILE_DIR_PATH}/Podfile.lock",
				"${PODS_ROOT}/Manifest.lock",
			);
			name = "[CP] Check Pods Manifest.lock";
			outputPaths = (
				"$(DERIVED_FILE_DIR)/Pods-sampleproUITests-checkManifestLockResult.txt",
			);
			runOnlyForDeploymentPostprocessing = 0;
			shellPath = /bin/sh;
			shellScript = "diff \"${PODS_PODFILE_DIR_PATH}/Podfile.lock\" \"${PODS_ROOT}/Manifest.lock\" > /dev/null\nif [ $? != 0 ] ; then\n    # print error to STDERR\n    echo \"error: The sandbox is not in sync with the Podfile.lock. Run 'pod install' or update your CocoaPods installation.\" >&2\n    exit 1\nfi\n# This output is used by Xcode 'outputs' to avoid re-running this script phase.\necho \"SUCCESS\" > \"${SCRIPT_OUTPUT_FILE_0}\"\n";
			showEnvVarsInLog = 0;
		};
/* End PBXShellScriptBuildPhase section */

/* Begin PBXSourcesBuildPhase section */
		632696CF213543EC0072C335 /* Sources */ = {
			isa = PBXSourcesBuildPhase;
			buildActionMask = 2147483647;
			files = (
				6361D6C4213E9DE100370CA0 /* FloatingViewController.swift in Sources */,
				6361D6DA213E9FB000370CA0 /* AvatarImageView.swift in Sources */,
				6361D6D9213E9FB000370CA0 /* TWTButton.swift in Sources */,
				632696D9213543EC0072C335 /* ViewController.swift in Sources */,
				632696D7213543EC0072C335 /* AppDelegate.swift in Sources */,
				6361D6DB213E9FB000370CA0 /* FXBlurView.m in Sources */,
			);
			runOnlyForDeploymentPostprocessing = 0;
		};
		632696E3213543EC0072C335 /* Sources */ = {
			isa = PBXSourcesBuildPhase;
			buildActionMask = 2147483647;
			files = (
				632696EC213543EC0072C335 /* sampleproTests.swift in Sources */,
			);
			runOnlyForDeploymentPostprocessing = 0;
		};
		632696EE213543EC0072C335 /* Sources */ = {
			isa = PBXSourcesBuildPhase;
			buildActionMask = 2147483647;
			files = (
				632696F7213543EC0072C335 /* sampleproUITests.swift in Sources */,
			);
			runOnlyForDeploymentPostprocessing = 0;
		};
/* End PBXSourcesBuildPhase section */

/* Begin PBXTargetDependency section */
		632696E9213543EC0072C335 /* PBXTargetDependency */ = {
			isa = PBXTargetDependency;
			target = 632696D2213543EC0072C335 /* samplepro */;
			targetProxy = 632696E8213543EC0072C335 /* PBXContainerItemProxy */;
		};
		632696F4213543EC0072C335 /* PBXTargetDependency */ = {
			isa = PBXTargetDependency;
			target = 632696D2213543EC0072C335 /* samplepro */;
			targetProxy = 632696F3213543EC0072C335 /* PBXContainerItemProxy */;
		};
/* End PBXTargetDependency section */

/* Begin PBXVariantGroup section */
		632696DA213543EC0072C335 /* Main.storyboard */ = {
			isa = PBXVariantGroup;
			children = (
				632696DB213543EC0072C335 /* Base */,
			);
			name = Main.storyboard;
			sourceTree = "<group>";
		};
		632696DF213543EC0072C335 /* LaunchScreen.storyboard */ = {
			isa = PBXVariantGroup;
			children = (
				632696E0213543EC0072C335 /* Base */,
			);
			name = LaunchScreen.storyboard;
			sourceTree = "<group>";
		};
/* End PBXVariantGroup section */

/* Begin XCBuildConfiguration section */
		632696F9213543EC0072C335 /* Debug */ = {
			isa = XCBuildConfiguration;
			buildSettings = {
				ALWAYS_SEARCH_USER_PATHS = NO;
				CLANG_ANALYZER_NONNULL = YES;
				CLANG_ANALYZER_NUMBER_OBJECT_CONVERSION = YES_AGGRESSIVE;
				CLANG_CXX_LANGUAGE_STANDARD = "gnu++14";
				CLANG_CXX_LIBRARY = "libc++";
				CLANG_ENABLE_MODULES = YES;
				CLANG_ENABLE_OBJC_ARC = YES;
				CLANG_WARN_BLOCK_CAPTURE_AUTORELEASING = YES;
				CLANG_WARN_BOOL_CONVERSION = YES;
				CLANG_WARN_COMMA = YES;
				CLANG_WARN_CONSTANT_CONVERSION = YES;
				CLANG_WARN_DIRECT_OBJC_ISA_USAGE = YES_ERROR;
				CLANG_WARN_DOCUMENTATION_COMMENTS = YES;
				CLANG_WARN_EMPTY_BODY = YES;
				CLANG_WARN_ENUM_CONVERSION = YES;
				CLANG_WARN_INFINITE_RECURSION = YES;
				CLANG_WARN_INT_CONVERSION = YES;
				CLANG_WARN_NON_LITERAL_NULL_CONVERSION = YES;
				CLANG_WARN_OBJC_LITERAL_CONVERSION = YES;
				CLANG_WARN_OBJC_ROOT_CLASS = YES_ERROR;
				CLANG_WARN_RANGE_LOOP_ANALYSIS = YES;
				CLANG_WARN_STRICT_PROTOTYPES = YES;
				CLANG_WARN_SUSPICIOUS_MOVE = YES;
				CLANG_WARN_UNGUARDED_AVAILABILITY = YES_AGGRESSIVE;
				CLANG_WARN_UNREACHABLE_CODE = YES;
				CLANG_WARN__DUPLICATE_METHOD_MATCH = YES;
				CODE_SIGN_IDENTITY = "iPhone Developer";
				COPY_PHASE_STRIP = NO;
				DEBUG_INFORMATION_FORMAT = dwarf;
				ENABLE_STRICT_OBJC_MSGSEND = YES;
				ENABLE_TESTABILITY = YES;
				GCC_C_LANGUAGE_STANDARD = gnu11;
				GCC_DYNAMIC_NO_PIC = NO;
				GCC_NO_COMMON_BLOCKS = YES;
				GCC_OPTIMIZATION_LEVEL = 0;
				GCC_PREPROCESSOR_DEFINITIONS = (
					"DEBUG=1",
					"$(inherited)",
				);
				GCC_WARN_64_TO_32_BIT_CONVERSION = YES;
				GCC_WARN_ABOUT_RETURN_TYPE = YES_ERROR;
				GCC_WARN_UNDECLARED_SELECTOR = YES;
				GCC_WARN_UNINITIALIZED_AUTOS = YES_AGGRESSIVE;
				GCC_WARN_UNUSED_FUNCTION = YES;
				GCC_WARN_UNUSED_VARIABLE = YES;
				IPHONEOS_DEPLOYMENT_TARGET = 11.1;
				MTL_ENABLE_DEBUG_INFO = YES;
				ONLY_ACTIVE_ARCH = YES;
				SDKROOT = iphoneos;
				SWIFT_ACTIVE_COMPILATION_CONDITIONS = DEBUG;
				SWIFT_OPTIMIZATION_LEVEL = "-Onone";
			};
			name = Debug;
		};
		632696FA213543EC0072C335 /* Release */ = {
			isa = XCBuildConfiguration;
			buildSettings = {
				ALWAYS_SEARCH_USER_PATHS = NO;
				CLANG_ANALYZER_NONNULL = YES;
				CLANG_ANALYZER_NUMBER_OBJECT_CONVERSION = YES_AGGRESSIVE;
				CLANG_CXX_LANGUAGE_STANDARD = "gnu++14";
				CLANG_CXX_LIBRARY = "libc++";
				CLANG_ENABLE_MODULES = YES;
				CLANG_ENABLE_OBJC_ARC = YES;
				CLANG_WARN_BLOCK_CAPTURE_AUTORELEASING = YES;
				CLANG_WARN_BOOL_CONVERSION = YES;
				CLANG_WARN_COMMA = YES;
				CLANG_WARN_CONSTANT_CONVERSION = YES;
				CLANG_WARN_DIRECT_OBJC_ISA_USAGE = YES_ERROR;
				CLANG_WARN_DOCUMENTATION_COMMENTS = YES;
				CLANG_WARN_EMPTY_BODY = YES;
				CLANG_WARN_ENUM_CONVERSION = YES;
				CLANG_WARN_INFINITE_RECURSION = YES;
				CLANG_WARN_INT_CONVERSION = YES;
				CLANG_WARN_NON_LITERAL_NULL_CONVERSION = YES;
				CLANG_WARN_OBJC_LITERAL_CONVERSION = YES;
				CLANG_WARN_OBJC_ROOT_CLASS = YES_ERROR;
				CLANG_WARN_RANGE_LOOP_ANALYSIS = YES;
				CLANG_WARN_STRICT_PROTOTYPES = YES;
				CLANG_WARN_SUSPICIOUS_MOVE = YES;
				CLANG_WARN_UNGUARDED_AVAILABILITY = YES_AGGRESSIVE;
				CLANG_WARN_UNREACHABLE_CODE = YES;
				CLANG_WARN__DUPLICATE_METHOD_MATCH = YES;
				CODE_SIGN_IDENTITY = "iPhone Developer";
				COPY_PHASE_STRIP = NO;
				DEBUG_INFORMATION_FORMAT = "dwarf-with-dsym";
				ENABLE_NS_ASSERTIONS = NO;
				ENABLE_STRICT_OBJC_MSGSEND = YES;
				GCC_C_LANGUAGE_STANDARD = gnu11;
				GCC_NO_COMMON_BLOCKS = YES;
				GCC_WARN_64_TO_32_BIT_CONVERSION = YES;
				GCC_WARN_ABOUT_RETURN_TYPE = YES_ERROR;
				GCC_WARN_UNDECLARED_SELECTOR = YES;
				GCC_WARN_UNINITIALIZED_AUTOS = YES_AGGRESSIVE;
				GCC_WARN_UNUSED_FUNCTION = YES;
				GCC_WARN_UNUSED_VARIABLE = YES;
				IPHONEOS_DEPLOYMENT_TARGET = 11.1;
				MTL_ENABLE_DEBUG_INFO = NO;
				SDKROOT = iphoneos;
				SWIFT_OPTIMIZATION_LEVEL = "-Owholemodule";
				VALIDATE_PRODUCT = YES;
			};
			name = Release;
		};
		632696FC213543EC0072C335 /* Debug */ = {
			isa = XCBuildConfiguration;
			baseConfigurationReference = 47566AA3827E9D13C54F3B29 /* Pods-samplepro.debug.xcconfig */;
			buildSettings = {
				ASSETCATALOG_COMPILER_APPICON_NAME = AppIcon;
				CLANG_ENABLE_MODULES = YES;
				CODE_SIGN_STYLE = Automatic;
				FRAMEWORK_SEARCH_PATHS = (
					/Users/aneena/Documents/Reference/google_signin_sdk_4_2_0,
					"$(inherited)",
					"$(SRCROOT)",
				);
				INFOPLIST_FILE = samplepro/Info.plist;
				IPHONEOS_DEPLOYMENT_TARGET = 11.1;
				LD_RUNPATH_SEARCH_PATHS = "$(inherited) @executable_path/Frameworks";
				OTHER_LDFLAGS = (
					"-ObjC",
					"$(inherited)",
				);
				PRODUCT_BUNDLE_IDENTIFIER = com.experion.samplepro;
				PRODUCT_NAME = "$(TARGET_NAME)";
				SWIFT_OBJC_BRIDGING_HEADER = "samplepro/samplepro-Bridging-Header.h";
				SWIFT_OPTIMIZATION_LEVEL = "-Onone";
				SWIFT_VERSION = 4.2;
				TARGETED_DEVICE_FAMILY = "1,2";
			};
			name = Debug;
		};
		632696FD213543EC0072C335 /* Release */ = {
			isa = XCBuildConfiguration;
			baseConfigurationReference = BF583BA5F77BE18B1D190537 /* Pods-samplepro.release.xcconfig */;
			buildSettings = {
				ASSETCATALOG_COMPILER_APPICON_NAME = AppIcon;
				CLANG_ENABLE_MODULES = YES;
				CODE_SIGN_STYLE = Automatic;
				FRAMEWORK_SEARCH_PATHS = (
					/Users/aneena/Downloads/google_signin_sdk_4_2_0,
					"$(inherited)",
					"$(SRCROOT)",
				);
				INFOPLIST_FILE = samplepro/Info.plist;
				IPHONEOS_DEPLOYMENT_TARGET = 11.1;
				LD_RUNPATH_SEARCH_PATHS = "$(inherited) @executable_path/Frameworks";
				OTHER_LDFLAGS = (
					"-ObjC",
					"$(inherited)",
				);
				PRODUCT_BUNDLE_IDENTIFIER = com.experion.samplepro;
				PRODUCT_NAME = "$(TARGET_NAME)";
				SWIFT_OBJC_BRIDGING_HEADER = "samplepro/samplepro-Bridging-Header.h";
				SWIFT_VERSION = 4.2;
				TARGETED_DEVICE_FAMILY = "1,2";
			};
			name = Release;
		};
		632696FF213543EC0072C335 /* Debug */ = {
			isa = XCBuildConfiguration;
			baseConfigurationReference = B34F8161A1BFCBF99835914D /* Pods-sampleproTests.debug.xcconfig */;
			buildSettings = {
				ALWAYS_EMBED_SWIFT_STANDARD_LIBRARIES = YES;
				BUNDLE_LOADER = "$(TEST_HOST)";
				CODE_SIGN_STYLE = Automatic;
				INFOPLIST_FILE = sampleproTests/Info.plist;
				LD_RUNPATH_SEARCH_PATHS = "$(inherited) @executable_path/Frameworks @loader_path/Frameworks";
				PRODUCT_BUNDLE_IDENTIFIER = com.experion.sampleproTests;
				PRODUCT_NAME = "$(TARGET_NAME)";
				SWIFT_VERSION = 4.0;
				TARGETED_DEVICE_FAMILY = "1,2";
				TEST_HOST = "$(BUILT_PRODUCTS_DIR)/samplepro.app/samplepro";
			};
			name = Debug;
		};
		63269700213543EC0072C335 /* Release */ = {
			isa = XCBuildConfiguration;
			baseConfigurationReference = A0DE62526824F42BC58BE3FE /* Pods-sampleproTests.release.xcconfig */;
			buildSettings = {
				ALWAYS_EMBED_SWIFT_STANDARD_LIBRARIES = YES;
				BUNDLE_LOADER = "$(TEST_HOST)";
				CODE_SIGN_STYLE = Automatic;
				INFOPLIST_FILE = sampleproTests/Info.plist;
				LD_RUNPATH_SEARCH_PATHS = "$(inherited) @executable_path/Frameworks @loader_path/Frameworks";
				PRODUCT_BUNDLE_IDENTIFIER = com.experion.sampleproTests;
				PRODUCT_NAME = "$(TARGET_NAME)";
				SWIFT_VERSION = 4.0;
				TARGETED_DEVICE_FAMILY = "1,2";
				TEST_HOST = "$(BUILT_PRODUCTS_DIR)/samplepro.app/samplepro";
			};
			name = Release;
		};
		63269702213543EC0072C335 /* Debug */ = {
			isa = XCBuildConfiguration;
			baseConfigurationReference = 7627C5A6CEB6C209E20DC9D8 /* Pods-sampleproUITests.debug.xcconfig */;
			buildSettings = {
				ALWAYS_EMBED_SWIFT_STANDARD_LIBRARIES = YES;
				CODE_SIGN_STYLE = Automatic;
				INFOPLIST_FILE = sampleproUITests/Info.plist;
				LD_RUNPATH_SEARCH_PATHS = "$(inherited) @executable_path/Frameworks @loader_path/Frameworks";
				PRODUCT_BUNDLE_IDENTIFIER = com.experion.sampleproUITests;
				PRODUCT_NAME = "$(TARGET_NAME)";
				SWIFT_VERSION = 4.0;
				TARGETED_DEVICE_FAMILY = "1,2";
				TEST_TARGET_NAME = samplepro;
			};
			name = Debug;
		};
		63269703213543EC0072C335 /* Release */ = {
			isa = XCBuildConfiguration;
			baseConfigurationReference = 2457C07CA5685AEBE2E1DCD0 /* Pods-sampleproUITests.release.xcconfig */;
			buildSettings = {
				ALWAYS_EMBED_SWIFT_STANDARD_LIBRARIES = YES;
				CODE_SIGN_STYLE = Automatic;
				INFOPLIST_FILE = sampleproUITests/Info.plist;
				LD_RUNPATH_SEARCH_PATHS = "$(inherited) @executable_path/Frameworks @loader_path/Frameworks";
				PRODUCT_BUNDLE_IDENTIFIER = com.experion.sampleproUITests;
				PRODUCT_NAME = "$(TARGET_NAME)";
				SWIFT_VERSION = 4.0;
				TARGETED_DEVICE_FAMILY = "1,2";
				TEST_TARGET_NAME = samplepro;
			};
			name = Release;
		};
/* End XCBuildConfiguration section */

/* Begin XCConfigurationList section */
		632696CE213543EC0072C335 /* Build configuration list for PBXProject "samplepro" */ = {
			isa = XCConfigurationList;
			buildConfigurations = (
				632696F9213543EC0072C335 /* Debug */,
				632696FA213543EC0072C335 /* Release */,
			);
			defaultConfigurationIsVisible = 0;
			defaultConfigurationName = Release;
		};
		632696FB213543EC0072C335 /* Build configuration list for PBXNativeTarget "samplepro" */ = {
			isa = XCConfigurationList;
			buildConfigurations = (
				632696FC213543EC0072C335 /* Debug */,
				632696FD213543EC0072C335 /* Release */,
			);
			defaultConfigurationIsVisible = 0;
			defaultConfigurationName = Release;
		};
		632696FE213543EC0072C335 /* Build configuration list for PBXNativeTarget "sampleproTests" */ = {
			isa = XCConfigurationList;
			buildConfigurations = (
				632696FF213543EC0072C335 /* Debug */,
				63269700213543EC0072C335 /* Release */,
			);
			defaultConfigurationIsVisible = 0;
			defaultConfigurationName = Release;
		};
		63269701213543EC0072C335 /* Build configuration list for PBXNativeTarget "sampleproUITests" */ = {
			isa = XCConfigurationList;
			buildConfigurations = (
				63269702213543EC0072C335 /* Debug */,
				63269703213543EC0072C335 /* Release */,
			);
			defaultConfigurationIsVisible = 0;
			defaultConfigurationName = Release;
		};
/* End XCConfigurationList section */
	};
	rootObject = 632696CB213543EC0072C335 /* Project object */;
}
